{
    "_readme": [
        "This file locks the dependencies of your project to a known state",
        "Read more about it at https://getcomposer.org/doc/01-basic-usage.md#installing-dependencies",
        "This file is @generated automatically"
    ],
    "content-hash": "acf2bbce50b2a98ff7000d5384a3ed2a",
    "packages": [
        {
            "name": "psr/http-message",
            "version": "1.0.1",
            "source": {
                "type": "git",
                "url": "https://github.com/php-fig/http-message.git",
                "reference": "f6561bf28d520154e4b0ec72be95418abe6d9363"
            },
            "dist": {
                "type": "zip",
                "url": "https://api.github.com/repos/php-fig/http-message/zipball/f6561bf28d520154e4b0ec72be95418abe6d9363",
                "reference": "f6561bf28d520154e4b0ec72be95418abe6d9363",
                "shasum": ""
            },
            "require": {
                "php": ">=5.3.0"
            },
            "type": "library",
            "extra": {
                "branch-alias": {
                    "dev-master": "1.0.x-dev"
                }
            },
            "autoload": {
                "psr-4": {
                    "Psr\\Http\\Message\\": "src/"
                }
            },
            "notification-url": "https://packagist.org/downloads/",
            "license": [
                "MIT"
            ],
            "authors": [
                {
                    "name": "PHP-FIG",
                    "homepage": "http://www.php-fig.org/"
                }
            ],
            "description": "Common interface for HTTP messages",
            "homepage": "https://github.com/php-fig/http-message",
            "keywords": [
                "http",
                "http-message",
                "psr",
                "psr-7",
                "request",
                "response"
            ],
            "support": {
                "source": "https://github.com/php-fig/http-message/tree/master"
            },
            "time": "2016-08-06T14:39:51+00:00"
        },
        {
            "name": "sunnyflail/assoc_shift",
            "version": "1.0.0",
            "source": {
                "type": "git",
                "url": "https://github.com/SunnyFlail/AssocShift.git",
                "reference": "063a94687cdb3e22131a73ee02548c6f398e9bb7"
            },
            "dist": {
                "type": "zip",
                "url": "https://api.github.com/repos/SunnyFlail/AssocShift/zipball/063a94687cdb3e22131a73ee02548c6f398e9bb7",
                "reference": "063a94687cdb3e22131a73ee02548c6f398e9bb7",
                "shasum": ""
            },
            "require-dev": {
                "phpunit/phpunit": "^9.5"
            },
            "type": "library",
            "autoload": {
                "files": [
                    "src/Function.php"
                ]
            },
            "notification-url": "https://packagist.org/downloads/",
            "license": [
                "MIT"
            ],
            "description": "Array shift for associative arrays",
            "support": {
                "issues": "https://github.com/SunnyFlail/AssocShift/issues",
                "source": "https://github.com/SunnyFlail/AssocShift/tree/1.0.0"
            },
            "time": "2021-07-28T10:52:16+00:00"
        },
        {
            "name": "sunnyflail/html-abstraction",
            "version": "1.1.6",
            "source": {
                "type": "git",
                "url": "https://github.com/SunnyFlail/Html.git",
                "reference": "a4e429da3b14168b052cb1e90e3d275a7b9e6071"
            },
            "dist": {
                "type": "zip",
                "url": "https://api.github.com/repos/SunnyFlail/Html/zipball/a4e429da3b14168b052cb1e90e3d275a7b9e6071",
                "reference": "a4e429da3b14168b052cb1e90e3d275a7b9e6071",
                "shasum": ""
            },
            "require": {
                "psr/http-message": "^1.0"
            },
            "require-dev": {
                "phpunit/phpunit": "^9.5"
            },
            "type": "library",
            "autoload": {
                "psr-4": {
                    "SunnyFlail\\HtmlAbstraction\\": "src"
                }
            },
            "notification-url": "https://packagist.org/downloads/",
            "license": [
                "MIT"
            ],
            "authors": [
                {
                    "name": "SunnyFlail",
                    "email": "sunny.flail@gmail.com"
                }
            ],
            "description": "A simple HTML abstraction layer",
            "support": {
                "issues": "https://github.com/SunnyFlail/Html/issues",
                "source": "https://github.com/SunnyFlail/Html/tree/1.1.6"
            },
            "time": "2021-07-25T11:24:37+00:00"
        },
        {
            "name": "sunnyflail/object-creator",
            "version": "1.0.2",
            "source": {
                "type": "git",
                "url": "https://github.com/SunnyFlail/ObjectCreator.git",
                "reference": "4a77a44421813d409a92bf51ac47312052ec7548"
            },
            "dist": {
                "type": "zip",
                "url": "https://api.github.com/repos/SunnyFlail/ObjectCreator/zipball/4a77a44421813d409a92bf51ac47312052ec7548",
                "reference": "4a77a44421813d409a92bf51ac47312052ec7548",
                "shasum": ""
            },
            "require-dev": {
                "phpunit/phpunit": "^9.5"
            },
            "type": "library",
            "autoload": {
                "psr-4": {
                    "SunnyFlail\\ObjectCreator\\": "src"
                }
            },
            "notification-url": "https://packagist.org/downloads/",
            "license": [
                "MIT"
            ],
            "description": "A simple class for building objects",
            "support": {
                "issues": "https://github.com/SunnyFlail/ObjectCreator/issues",
                "source": "https://github.com/SunnyFlail/ObjectCreator/tree/1.0.2"
            },
            "time": "2021-07-15T22:55:26+00:00"
        }
    ],
    "packages-dev": [
        {
            "name": "squizlabs/php_codesniffer",
            "version": "3.6.0",
            "source": {
                "type": "git",
                "url": "https://github.com/squizlabs/PHP_CodeSniffer.git",
                "reference": "ffced0d2c8fa8e6cdc4d695a743271fab6c38625"
            },
            "dist": {
                "type": "zip",
                "url": "https://api.github.com/repos/squizlabs/PHP_CodeSniffer/zipball/ffced0d2c8fa8e6cdc4d695a743271fab6c38625",
                "reference": "ffced0d2c8fa8e6cdc4d695a743271fab6c38625",
                "shasum": ""
            },
            "require": {
                "ext-simplexml": "*",
                "ext-tokenizer": "*",
                "ext-xmlwriter": "*",
                "php": ">=5.4.0"
            },
            "require-dev": {
                "phpunit/phpunit": "^4.0 || ^5.0 || ^6.0 || ^7.0"
            },
            "bin": [
                "bin/phpcs",
                "bin/phpcbf"
            ],
            "type": "library",
            "extra": {
                "branch-alias": {
                    "dev-master": "3.x-dev"
                }
            },
            "notification-url": "https://packagist.org/downloads/",
            "license": [
                "BSD-3-Clause"
            ],
            "authors": [
                {
                    "name": "Greg Sherwood",
                    "role": "lead"
                }
            ],
            "description": "PHP_CodeSniffer tokenizes PHP, JavaScript and CSS files and detects violations of a defined set of coding standards.",
            "homepage": "https://github.com/squizlabs/PHP_CodeSniffer",
            "keywords": [
                "phpcs",
                "standards"
            ],
            "support": {
                "issues": "https://github.com/squizlabs/PHP_CodeSniffer/issues",
                "source": "https://github.com/squizlabs/PHP_CodeSniffer",
                "wiki": "https://github.com/squizlabs/PHP_CodeSniffer/wiki"
            },
            "time": "2021-04-09T00:54:41+00:00"
        }
    ],
    "aliases": [],
    "minimum-stability": "stable",
    "stability-flags": [],
    "prefer-stable": false,
    "prefer-lowest": false,
    "platform": [],
    "platform-dev": [],
    "plugin-api-version": "2.1.0"
}
